
Microsoft Visual Studio Solution File, Format Version 11.00
# Visual Studio 2010
Project("{8BC9CEB8-8B4A-11D0-8D11-00A0C91BC942}") = "超市销售业绩信息管理系统（链表类）", "超市销售业绩信息管理系统（链表类）\超市销售业绩信息管理系统（链表类）.vcxproj", "{DCFE5466-3C5B-40F1-B788-056C9C1E74A2}"
EndProject
Global
	GlobalSection(SolutionConfigurationPlatforms) = preSolution
		Debug|Win32 = Debug|Win32
		Release|Win32 = Release|Win32
	EndGlobalSection
	GlobalSection(ProjectConfigurationPlatforms) = postSolution
		{DCFE5466-3C5B-40F1-B788-056C9C1E74A2}.Debug|Win32.ActiveCfg = Debug|Win32
		{DCFE5466-3C5B-40F1-B788-056C9C1E74A2}.Debug|Win32.Build.0 = Debug|Win32
		{DCFE5466-3C5B-40F1-B788-056C9C1E74A2}.Release|Win32.ActiveCfg = Release|Win32
		{DCFE5466-3C5B-40F1-B788-056C9C1E74A2}.Release|Win32.Build.0 = Release|Win32
	EndGlobalSection
	GlobalSection(SolutionProperties) = preSolution
		HideSolutionNode = FALSE
	EndGlobalSection
EndGlobal
